
Microsoft Visual Studio Solution File, Format Version 12.00
# Visual Studio 14
VisualStudioVersion = 14.0.25420.1
MinimumVisualStudioVersion = 10.0.40219.1
Project("{FAE04EC0-301F-11D3-BF4B-00C04F79EFBC}") = "CapaDatos", "CapaDatos\CapaDatos.csproj", "{52771303-DA56-4DC8-AD67-FDCD02C8429D}"
EndProject
Project("{FAE04EC0-301F-11D3-BF4B-00C04F79EFBC}") = "CapaNegocio", "CapaNegocio\CapaNegocio.csproj", "{E04945EF-8246-4342-A26D-2B3FF00D688B}"
EndProject
Project("{FAE04EC0-301F-11D3-BF4B-00C04F79EFBC}") = "CapaEntidades", "CapaEntidades\CapaEntidades.csproj", "{14CBB91D-1DAB-4C71-9E1B-AB17E153FA74}"
EndProject
Project("{FAE04EC0-301F-11D3-BF4B-00C04F79EFBC}") = "CapaPresentacion", "CapaPresentacion\CapaPresentacion.csproj", "{65B5742E-4ABA-43D5-AED9-76F5A0370FCB}"
EndProject
Global
	GlobalSection(SolutionConfigurationPlatforms) = preSolution
		Debug|Any CPU = Debug|Any CPU
		Release|Any CPU = Release|Any CPU
	EndGlobalSection
	GlobalSection(ProjectConfigurationPlatforms) = postSolution
		{52771303-DA56-4DC8-AD67-FDCD02C8429D}.Debug|Any CPU.ActiveCfg = Debug|Any CPU
		{52771303-DA56-4DC8-AD67-FDCD02C8429D}.Debug|Any CPU.Build.0 = Debug|Any CPU
		{52771303-DA56-4DC8-AD67-FDCD02C8429D}.Release|Any CPU.ActiveCfg = Release|Any CPU
		{52771303-DA56-4DC8-AD67-FDCD02C8429D}.Release|Any CPU.Build.0 = Release|Any CPU
		{E04945EF-8246-4342-A26D-2B3FF00D688B}.Debug|Any CPU.ActiveCfg = Debug|Any CPU
		{E04945EF-8246-4342-A26D-2B3FF00D688B}.Debug|Any CPU.Build.0 = Debug|Any CPU
		{E04945EF-8246-4342-A26D-2B3FF00D688B}.Release|Any CPU.ActiveCfg = Release|Any CPU
		{E04945EF-8246-4342-A26D-2B3FF00D688B}.Release|Any CPU.Build.0 = Release|Any CPU
		{14CBB91D-1DAB-4C71-9E1B-AB17E153FA74}.Debug|Any CPU.ActiveCfg = Debug|Any CPU
		{14CBB91D-1DAB-4C71-9E1B-AB17E153FA74}.Debug|Any CPU.Build.0 = Debug|Any CPU
		{14CBB91D-1DAB-4C71-9E1B-AB17E153FA74}.Release|Any CPU.ActiveCfg = Release|Any CPU
		{14CBB91D-1DAB-4C71-9E1B-AB17E153FA74}.Release|Any CPU.Build.0 = Release|Any CPU
		{65B5742E-4ABA-43D5-AED9-76F5A0370FCB}.Debug|Any CPU.ActiveCfg = Debug|Any CPU
		{65B5742E-4ABA-43D5-AED9-76F5A0370FCB}.Debug|Any CPU.Build.0 = Debug|Any CPU
		{65B5742E-4ABA-43D5-AED9-76F5A0370FCB}.Release|Any CPU.ActiveCfg = Release|Any CPU
		{65B5742E-4ABA-43D5-AED9-76F5A0370FCB}.Release|Any CPU.Build.0 = Release|Any CPU
	EndGlobalSection
	GlobalSection(SolutionProperties) = preSolution
		HideSolutionNode = FALSE
	EndGlobalSection
EndGlobal
